
Microsoft Visual Studio Solution File, Format Version 12.00
# Visual Studio Version 17
VisualStudioVersion = 17.7.34202.233
MinimumVisualStudioVersion = 10.0.40219.1
Project("{FAE04EC0-301F-11D3-BF4B-00C04F79EFBC}") = "Oscilliscope", "Oscilliscope\Oscilliscope.csproj", "{56DDEC81-3E34-443A-A622-28A99C447FCA}"
EndProject
Global
	GlobalSection(SolutionConfigurationPlatforms) = preSolution
		Debug|Any CPU = Debug|Any CPU
		Release|Any CPU = Release|Any CPU
	EndGlobalSection
	GlobalSection(ProjectConfigurationPlatforms) = postSolution
		{56DDEC81-3E34-443A-A622-28A99C447FCA}.Debug|Any CPU.ActiveCfg = Debug|Any CPU
		{56DDEC81-3E34-443A-A622-28A99C447FCA}.Debug|Any CPU.Build.0 = Debug|Any CPU
		{56DDEC81-3E34-443A-A622-28A99C447FCA}.Debug|Any CPU.Deploy.0 = Debug|Any CPU
		{56DDEC81-3E34-443A-A622-28A99C447FCA}.Release|Any CPU.ActiveCfg = Release|Any CPU
		{56DDEC81-3E34-443A-A622-28A99C447FCA}.Release|Any CPU.Build.0 = Release|Any CPU
		{56DDEC81-3E34-443A-A622-28A99C447FCA}.Release|Any CPU.Deploy.0 = Release|Any CPU
	EndGlobalSection
	GlobalSection(SolutionProperties) = preSolution
		HideSolutionNode = FALSE
	EndGlobalSection
	GlobalSection(ExtensibilityGlobals) = postSolution
		SolutionGuid = {1CDEF97C-64B5-49FF-8667-97E21A6D6BB0}
	EndGlobalSection
EndGlobal
